// !$*UTF8*$!
{
	archiveVersion = 1;
	classes = {
	};
	objectVersion = 77;
	objects = {

/* Begin PBXBuildFile section */
		D287D5452DC53505009BBFCA /* FirebaseAuth in Frameworks */ = {isa = PBXBuildFile; productRef = D287D5442DC53505009BBFCA /* FirebaseAuth */; };
		D287D5472DC53505009BBFCA /* FirebaseFirestore in Frameworks */ = {isa = PBXBuildFile; productRef = D287D5462DC53505009BBFCA /* FirebaseFirestore */; };
		D287D5492DC53505009BBFCA /* FirebaseStorage in Frameworks */ = {isa = PBXBuildFile; productRef = D287D5482DC53505009BBFCA /* FirebaseStorage */; };
		D287D54B2DC5375A009BBFCA /* FirebaseAnalytics in Frameworks */ = {isa = PBXBuildFile; productRef = D287D54A2DC5375A009BBFCA /* FirebaseAnalytics */; };
		D287D54D2DC5375A009BBFCA /* FirebaseAnalyticsOnDeviceConversion in Frameworks */ = {isa = PBXBuildFile; productRef = D287D54C2DC5375A009BBFCA /* FirebaseAnalyticsOnDeviceConversion */; };
		D287D54F2DC5375A009BBFCA /* FirebaseAnalyticsWithoutAdIdSupport in Frameworks */ = {isa = PBXBuildFile; productRef = D287D54E2DC5375A009BBFCA /* FirebaseAnalyticsWithoutAdIdSupport */; };
		D287D5512DC5375A009BBFCA /* FirebaseAppCheck in Frameworks */ = {isa = PBXBuildFile; productRef = D287D5502DC5375A009BBFCA /* FirebaseAppCheck */; };
		D287D5532DC5375A009BBFCA /* FirebaseAppDistribution-Beta in Frameworks */ = {isa = PBXBuildFile; productRef = D287D5522DC5375A009BBFCA /* FirebaseAppDistribution-Beta */; };
		D287D5552DC5375A009BBFCA /* FirebaseAuthCombine-Community in Frameworks */ = {isa = PBXBuildFile; productRef = D287D5542DC5375A009BBFCA /* FirebaseAuthCombine-Community */; };
		D287D5572DC5375A009BBFCA /* FirebaseCore in Frameworks */ = {isa = PBXBuildFile; productRef = D287D5562DC5375A009BBFCA /* FirebaseCore */; };
		D287D5592DC5375A009BBFCA /* FirebaseCrashlytics in Frameworks */ = {isa = PBXBuildFile; productRef = D287D5582DC5375A009BBFCA /* FirebaseCrashlytics */; };
		D287D55B2DC5375A009BBFCA /* FirebaseDatabase in Frameworks */ = {isa = PBXBuildFile; productRef = D287D55A2DC5375A009BBFCA /* FirebaseDatabase */; };
		D287D55D2DC5375A009BBFCA /* FirebaseDynamicLinks in Frameworks */ = {isa = PBXBuildFile; productRef = D287D55C2DC5375A009BBFCA /* FirebaseDynamicLinks */; };
		D287D55F2DC5375A009BBFCA /* FirebaseFirestoreCombine-Community in Frameworks */ = {isa = PBXBuildFile; productRef = D287D55E2DC5375A009BBFCA /* FirebaseFirestoreCombine-Community */; };
		D287D5612DC5375A009BBFCA /* FirebaseFunctions in Frameworks */ = {isa = PBXBuildFile; productRef = D287D5602DC5375A009BBFCA /* FirebaseFunctions */; };
		D287D5632DC5375A009BBFCA /* FirebaseFunctionsCombine-Community in Frameworks */ = {isa = PBXBuildFile; productRef = D287D5622DC5375A009BBFCA /* FirebaseFunctionsCombine-Community */; };
		D287D5652DC5375A009BBFCA /* FirebaseInAppMessaging-Beta in Frameworks */ = {isa = PBXBuildFile; productRef = D287D5642DC5375A009BBFCA /* FirebaseInAppMessaging-Beta */; };
		D287D5672DC5375A009BBFCA /* FirebaseInstallations in Frameworks */ = {isa = PBXBuildFile; productRef = D287D5662DC5375A009BBFCA /* FirebaseInstallations */; };
		D287D5692DC5375A009BBFCA /* FirebaseMLModelDownloader in Frameworks */ = {isa = PBXBuildFile; productRef = D287D5682DC5375A009BBFCA /* FirebaseMLModelDownloader */; };
		D287D56B2DC5375A009BBFCA /* FirebaseMessaging in Frameworks */ = {isa = PBXBuildFile; productRef = D287D56A2DC5375A009BBFCA /* FirebaseMessaging */; };
		D287D56D2DC5375A009BBFCA /* FirebasePerformance in Frameworks */ = {isa = PBXBuildFile; productRef = D287D56C2DC5375A009BBFCA /* FirebasePerformance */; };
		D287D56F2DC5375A009BBFCA /* FirebaseRemoteConfig in Frameworks */ = {isa = PBXBuildFile; productRef = D287D56E2DC5375A009BBFCA /* FirebaseRemoteConfig */; };
		D287D5712DC5375A009BBFCA /* FirebaseStorageCombine-Community in Frameworks */ = {isa = PBXBuildFile; productRef = D287D5702DC5375A009BBFCA /* FirebaseStorageCombine-Community */; };
		D287D5732DC5375A009BBFCA /* FirebaseVertexAI in Frameworks */ = {isa = PBXBuildFile; productRef = D287D5722DC5375A009BBFCA /* FirebaseVertexAI */; };
/* End PBXBuildFile section */

/* Begin PBXFileReference section */
		D287D5172DC5166B009BBFCA /* it's US.app */ = {isa = PBXFileReference; explicitFileType = wrapper.application; includeInIndex = 0; path = "it's US.app"; sourceTree = BUILT_PRODUCTS_DIR; };
/* End PBXFileReference section */

/* Begin PBXFileSystemSynchronizedRootGroup section */
		D287D5192DC5166B009BBFCA /* it's US */ = {
			isa = PBXFileSystemSynchronizedRootGroup;
			path = "it's US";
			sourceTree = "<group>";
		};
/* End PBXFileSystemSynchronizedRootGroup section */

/* Begin PBXFrameworksBuildPhase section */
		D287D5142DC5166B009BBFCA /* Frameworks */ = {
			isa = PBXFrameworksBuildPhase;
			buildActionMask = 2147483647;
			files = (
				D287D5452DC53505009BBFCA /* FirebaseAuth in Frameworks */,
				D287D5732DC5375A009BBFCA /* FirebaseVertexAI in Frameworks */,
				D287D5552DC5375A009BBFCA /* FirebaseAuthCombine-Community in Frameworks */,
				D287D54F2DC5375A009BBFCA /* FirebaseAnalyticsWithoutAdIdSupport in Frameworks */,
				D287D5712DC5375A009BBFCA /* FirebaseStorageCombine-Community in Frameworks */,
				D287D5672DC5375A009BBFCA /* FirebaseInstallations in Frameworks */,
				D287D5472DC53505009BBFCA /* FirebaseFirestore in Frameworks */,
				D287D54D2DC5375A009BBFCA /* FirebaseAnalyticsOnDeviceConversion in Frameworks */,
				D287D5652DC5375A009BBFCA /* FirebaseInAppMessaging-Beta in Frameworks */,
				D287D5592DC5375A009BBFCA /* FirebaseCrashlytics in Frameworks */,
				D287D55B2DC5375A009BBFCA /* FirebaseDatabase in Frameworks */,
				D287D5632DC5375A009BBFCA /* FirebaseFunctionsCombine-Community in Frameworks */,
				D287D5512DC5375A009BBFCA /* FirebaseAppCheck in Frameworks */,
				D287D56F2DC5375A009BBFCA /* FirebaseRemoteConfig in Frameworks */,
				D287D5572DC5375A009BBFCA /* FirebaseCore in Frameworks */,
				D287D56B2DC5375A009BBFCA /* FirebaseMessaging in Frameworks */,
				D287D5692DC5375A009BBFCA /* FirebaseMLModelDownloader in Frameworks */,
				D287D56D2DC5375A009BBFCA /* FirebasePerformance in Frameworks */,
				D287D54B2DC5375A009BBFCA /* FirebaseAnalytics in Frameworks */,
				D287D5492DC53505009BBFCA /* FirebaseStorage in Frameworks */,
				D287D5532DC5375A009BBFCA /* FirebaseAppDistribution-Beta in Frameworks */,
				D287D5612DC5375A009BBFCA /* FirebaseFunctions in Frameworks */,
				D287D55D2DC5375A009BBFCA /* FirebaseDynamicLinks in Frameworks */,
				D287D55F2DC5375A009BBFCA /* FirebaseFirestoreCombine-Community in Frameworks */,
			);
			runOnlyForDeploymentPostprocessing = 0;
		};
/* End PBXFrameworksBuildPhase section */

/* Begin PBXGroup section */
		D287D50E2DC5166B009BBFCA = {
			isa = PBXGroup;
			children = (
				D287D5192DC5166B009BBFCA /* it's US */,
				D287D5182DC5166B009BBFCA /* Products */,
			);
			sourceTree = "<group>";
		};
		D287D5182DC5166B009BBFCA /* Products */ = {
			isa = PBXGroup;
			children = (
				D287D5172DC5166B009BBFCA /* it's US.app */,
			);
			name = Products;
			sourceTree = "<group>";
		};
/* End PBXGroup section */

/* Begin PBXNativeTarget section */
		D287D5162DC5166B009BBFCA /* it's US */ = {
			isa = PBXNativeTarget;
			buildConfigurationList = D287D5262DC5166C009BBFCA /* Build configuration list for PBXNativeTarget "it's US" */;
			buildPhases = (
				D287D5132DC5166B009BBFCA /* Sources */,
				D287D5142DC5166B009BBFCA /* Frameworks */,
				D287D5152DC5166B009BBFCA /* Resources */,
			);
			buildRules = (
			);
			dependencies = (
			);
			fileSystemSynchronizedGroups = (
				D287D5192DC5166B009BBFCA /* it's US */,
			);
			name = "it's US";
			packageProductDependencies = (
				D287D5442DC53505009BBFCA /* FirebaseAuth */,
				D287D5462DC53505009BBFCA /* FirebaseFirestore */,
				D287D5482DC53505009BBFCA /* FirebaseStorage */,
				D287D54A2DC5375A009BBFCA /* FirebaseAnalytics */,
				D287D54C2DC5375A009BBFCA /* FirebaseAnalyticsOnDeviceConversion */,
				D287D54E2DC5375A009BBFCA /* FirebaseAnalyticsWithoutAdIdSupport */,
				D287D5502DC5375A009BBFCA /* FirebaseAppCheck */,
				D287D5522DC5375A009BBFCA /* FirebaseAppDistribution-Beta */,
				D287D5542DC5375A009BBFCA /* FirebaseAuthCombine-Community */,
				D287D5562DC5375A009BBFCA /* FirebaseCore */,
				D287D5582DC5375A009BBFCA /* FirebaseCrashlytics */,
				D287D55A2DC5375A009BBFCA /* FirebaseDatabase */,
				D287D55C2DC5375A009BBFCA /* FirebaseDynamicLinks */,
				D287D55E2DC5375A009BBFCA /* FirebaseFirestoreCombine-Community */,
				D287D5602DC5375A009BBFCA /* FirebaseFunctions */,
				D287D5622DC5375A009BBFCA /* FirebaseFunctionsCombine-Community */,
				D287D5642DC5375A009BBFCA /* FirebaseInAppMessaging-Beta */,
				D287D5662DC5375A009BBFCA /* FirebaseInstallations */,
				D287D5682DC5375A009BBFCA /* FirebaseMLModelDownloader */,
				D287D56A2DC5375A009BBFCA /* FirebaseMessaging */,
				D287D56C2DC5375A009BBFCA /* FirebasePerformance */,
				D287D56E2DC5375A009BBFCA /* FirebaseRemoteConfig */,
				D287D5702DC5375A009BBFCA /* FirebaseStorageCombine-Community */,
				D287D5722DC5375A009BBFCA /* FirebaseVertexAI */,
			);
			productName = "it's US";
			productReference = D287D5172DC5166B009BBFCA /* it's US.app */;
			productType = "com.apple.product-type.application";
		};
/* End PBXNativeTarget section */

/* Begin PBXProject section */
		D287D50F2DC5166B009BBFCA /* Project object */ = {
			isa = PBXProject;
			attributes = {
				BuildIndependentTargetsInParallel = 1;
				LastSwiftUpdateCheck = 1620;
				LastUpgradeCheck = 1620;
				TargetAttributes = {
					D287D5162DC5166B009BBFCA = {
						CreatedOnToolsVersion = 16.2;
					};
				};
			};
			buildConfigurationList = D287D5122DC5166B009BBFCA /* Build configuration list for PBXProject "it's US" */;
			developmentRegion = en;
			hasScannedForEncodings = 0;
			knownRegions = (
				en,
				Base,
			);
			mainGroup = D287D50E2DC5166B009BBFCA;
			minimizedProjectReferenceProxies = 1;
			packageReferences = (
				D287D5432DC53505009BBFCA /* XCRemoteSwiftPackageReference "firebase-ios-sdk" */,
			);
			preferredProjectObjectVersion = 77;
			productRefGroup = D287D5182DC5166B009BBFCA /* Products */;
			projectDirPath = "";
			projectRoot = "";
			targets = (
				D287D5162DC5166B009BBFCA /* it's US */,
			);
		};
/* End PBXProject section */

/* Begin PBXResourcesBuildPhase section */
		D287D5152DC5166B009BBFCA /* Resources */ = {
			isa = PBXResourcesBuildPhase;
			buildActionMask = 2147483647;
			files = (
			);
			runOnlyForDeploymentPostprocessing = 0;
		};
/* End PBXResourcesBuildPhase section */

/* Begin PBXSourcesBuildPhase section */
		D287D5132DC5166B009BBFCA /* Sources */ = {
			isa = PBXSourcesBuildPhase;
			buildActionMask = 2147483647;
			files = (
			);
			runOnlyForDeploymentPostprocessing = 0;
		};
/* End PBXSourcesBuildPhase section */

/* Begin XCBuildConfiguration section */
		D287D5242DC5166C009BBFCA /* Debug */ = {
			isa = XCBuildConfiguration;
			buildSettings = {
				ALWAYS_SEARCH_USER_PATHS = NO;
				ASSETCATALOG_COMPILER_GENERATE_SWIFT_ASSET_SYMBOL_EXTENSIONS = YES;
				CLANG_ANALYZER_NONNULL = YES;
				CLANG_ANALYZER_NUMBER_OBJECT_CONVERSION = YES_AGGRESSIVE;
				CLANG_CXX_LANGUAGE_STANDARD = "gnu++20";
				CLANG_ENABLE_MODULES = YES;
				CLANG_ENABLE_OBJC_ARC = YES;
				CLANG_ENABLE_OBJC_WEAK = YES;
				CLANG_WARN_BLOCK_CAPTURE_AUTORELEASING = YES;
				CLANG_WARN_BOOL_CONVERSION = YES;
				CLANG_WARN_COMMA = YES;
				CLANG_WARN_CONSTANT_CONVERSION = YES;
				CLANG_WARN_DEPRECATED_OBJC_IMPLEMENTATIONS = YES;
				CLANG_WARN_DIRECT_OBJC_ISA_USAGE = YES_ERROR;
				CLANG_WARN_DOCUMENTATION_COMMENTS = YES;
				CLANG_WARN_EMPTY_BODY = YES;
				CLANG_WARN_ENUM_CONVERSION = YES;
				CLANG_WARN_INFINITE_RECURSION = YES;
				CLANG_WARN_INT_CONVERSION = YES;
				CLANG_WARN_NON_LITERAL_NULL_CONVERSION = YES;
				CLANG_WARN_OBJC_IMPLICIT_RETAIN_SELF = YES;
				CLANG_WARN_OBJC_LITERAL_CONVERSION = YES;
				CLANG_WARN_OBJC_ROOT_CLASS = YES_ERROR;
				CLANG_WARN_QUOTED_INCLUDE_IN_FRAMEWORK_HEADER = YES;
				CLANG_WARN_RANGE_LOOP_ANALYSIS = YES;
				CLANG_WARN_STRICT_PROTOTYPES = YES;
				CLANG_WARN_SUSPICIOUS_MOVE = YES;
				CLANG_WARN_UNGUARDED_AVAILABILITY = YES_AGGRESSIVE;
				CLANG_WARN_UNREACHABLE_CODE = YES;
				CLANG_WARN__DUPLICATE_METHOD_MATCH = YES;
				COPY_PHASE_STRIP = NO;
				DEBUG_INFORMATION_FORMAT = dwarf;
				ENABLE_STRICT_OBJC_MSGSEND = YES;
				ENABLE_TESTABILITY = YES;
				ENABLE_USER_SCRIPT_SANDBOXING = YES;
				GCC_C_LANGUAGE_STANDARD = gnu17;
				GCC_DYNAMIC_NO_PIC = NO;
				GCC_NO_COMMON_BLOCKS = YES;
				GCC_OPTIMIZATION_LEVEL = 0;
				GCC_PREPROCESSOR_DEFINITIONS = (
					"DEBUG=1",
					"$(inherited)",
				);
				GCC_WARN_64_TO_32_BIT_CONVERSION = YES;
				GCC_WARN_ABOUT_RETURN_TYPE = YES_ERROR;
				GCC_WARN_UNDECLARED_SELECTOR = YES;
				GCC_WARN_UNINITIALIZED_AUTOS = YES_AGGRESSIVE;
				GCC_WARN_UNUSED_FUNCTION = YES;
				GCC_WARN_UNUSED_VARIABLE = YES;
				LOCALIZATION_PREFERS_STRING_CATALOGS = YES;
				MTL_ENABLE_DEBUG_INFO = INCLUDE_SOURCE;
				MTL_FAST_MATH = YES;
				ONLY_ACTIVE_ARCH = YES;
				SWIFT_ACTIVE_COMPILATION_CONDITIONS = "DEBUG $(inherited)";
				SWIFT_OPTIMIZATION_LEVEL = "-Onone";
			};
			name = Debug;
		};
		D287D5252DC5166C009BBFCA /* Release */ = {
			isa = XCBuildConfiguration;
			buildSettings = {
				ALWAYS_SEARCH_USER_PATHS = NO;
				ASSETCATALOG_COMPILER_GENERATE_SWIFT_ASSET_SYMBOL_EXTENSIONS = YES;
				CLANG_ANALYZER_NONNULL = YES;
				CLANG_ANALYZER_NUMBER_OBJECT_CONVERSION = YES_AGGRESSIVE;
				CLANG_CXX_LANGUAGE_STANDARD = "gnu++20";
				CLANG_ENABLE_MODULES = YES;
				CLANG_ENABLE_OBJC_ARC = YES;
				CLANG_ENABLE_OBJC_WEAK = YES;
				CLANG_WARN_BLOCK_CAPTURE_AUTORELEASING = YES;
				CLANG_WARN_BOOL_CONVERSION = YES;
				CLANG_WARN_COMMA = YES;
				CLANG_WARN_CONSTANT_CONVERSION = YES;
				CLANG_WARN_DEPRECATED_OBJC_IMPLEMENTATIONS = YES;
				CLANG_WARN_DIRECT_OBJC_ISA_USAGE = YES_ERROR;
				CLANG_WARN_DOCUMENTATION_COMMENTS = YES;
				CLANG_WARN_EMPTY_BODY = YES;
				CLANG_WARN_ENUM_CONVERSION = YES;
				CLANG_WARN_INFINITE_RECURSION = YES;
				CLANG_WARN_INT_CONVERSION = YES;
				CLANG_WARN_NON_LITERAL_NULL_CONVERSION = YES;
				CLANG_WARN_OBJC_IMPLICIT_RETAIN_SELF = YES;
				CLANG_WARN_OBJC_LITERAL_CONVERSION = YES;
				CLANG_WARN_OBJC_ROOT_CLASS = YES_ERROR;
				CLANG_WARN_QUOTED_INCLUDE_IN_FRAMEWORK_HEADER = YES;
				CLANG_WARN_RANGE_LOOP_ANALYSIS = YES;
				CLANG_WARN_STRICT_PROTOTYPES = YES;
				CLANG_WARN_SUSPICIOUS_MOVE = YES;
				CLANG_WARN_UNGUARDED_AVAILABILITY = YES_AGGRESSIVE;
				CLANG_WARN_UNREACHABLE_CODE = YES;
				CLANG_WARN__DUPLICATE_METHOD_MATCH = YES;
				COPY_PHASE_STRIP = NO;
				DEBUG_INFORMATION_FORMAT = "dwarf-with-dsym";
				ENABLE_NS_ASSERTIONS = NO;
				ENABLE_STRICT_OBJC_MSGSEND = YES;
				ENABLE_USER_SCRIPT_SANDBOXING = YES;
				GCC_C_LANGUAGE_STANDARD = gnu17;
				GCC_NO_COMMON_BLOCKS = YES;
				GCC_WARN_64_TO_32_BIT_CONVERSION = YES;
				GCC_WARN_ABOUT_RETURN_TYPE = YES_ERROR;
				GCC_WARN_UNDECLARED_SELECTOR = YES;
				GCC_WARN_UNINITIALIZED_AUTOS = YES_AGGRESSIVE;
				GCC_WARN_UNUSED_FUNCTION = YES;
				GCC_WARN_UNUSED_VARIABLE = YES;
				LOCALIZATION_PREFERS_STRING_CATALOGS = YES;
				MTL_ENABLE_DEBUG_INFO = NO;
				MTL_FAST_MATH = YES;
				SWIFT_COMPILATION_MODE = wholemodule;
			};
			name = Release;
		};
		D287D5272DC5166C009BBFCA /* Debug */ = {
			isa = XCBuildConfiguration;
			buildSettings = {
				ASSETCATALOG_COMPILER_APPICON_NAME = AppIcon;
				ASSETCATALOG_COMPILER_GLOBAL_ACCENT_COLOR_NAME = AccentColor;
				CODE_SIGN_ENTITLEMENTS = "it's US/it_s_US.entitlements";
				"CODE_SIGN_IDENTITY[sdk=macosx*]" = "-";
				CODE_SIGN_STYLE = Automatic;
				CURRENT_PROJECT_VERSION = 1;
				DEVELOPMENT_ASSET_PATHS = "\"it's US/Preview Content\"";
				DEVELOPMENT_TEAM = 98SMXVMMG4;
				ENABLE_PREVIEWS = YES;
				GENERATE_INFOPLIST_FILE = YES;
				INFOPLIST_KEY_CFBundleDisplayName = "Миу миу";
				"INFOPLIST_KEY_UIApplicationSceneManifest_Generation[sdk=iphoneos*]" = YES;
				"INFOPLIST_KEY_UIApplicationSceneManifest_Generation[sdk=iphonesimulator*]" = YES;
				"INFOPLIST_KEY_UIApplicationSupportsIndirectInputEvents[sdk=iphoneos*]" = YES;
				"INFOPLIST_KEY_UIApplicationSupportsIndirectInputEvents[sdk=iphonesimulator*]" = YES;
				"INFOPLIST_KEY_UILaunchScreen_Generation[sdk=iphoneos*]" = YES;
				"INFOPLIST_KEY_UILaunchScreen_Generation[sdk=iphonesimulator*]" = YES;
				"INFOPLIST_KEY_UIStatusBarStyle[sdk=iphoneos*]" = UIStatusBarStyleDefault;
				"INFOPLIST_KEY_UIStatusBarStyle[sdk=iphonesimulator*]" = UIStatusBarStyleDefault;
				INFOPLIST_KEY_UISupportedInterfaceOrientations_iPad = "UIInterfaceOrientationPortrait UIInterfaceOrientationPortraitUpsideDown UIInterfaceOrientationLandscapeLeft UIInterfaceOrientationLandscapeRight";
				INFOPLIST_KEY_UISupportedInterfaceOrientations_iPhone = "UIInterfaceOrientationPortrait UIInterfaceOrientationLandscapeLeft UIInterfaceOrientationLandscapeRight";
				IPHONEOS_DEPLOYMENT_TARGET = 18.2;
				LD_RUNPATH_SEARCH_PATHS = "@executable_path/Frameworks";
				"LD_RUNPATH_SEARCH_PATHS[sdk=macosx*]" = "@executable_path/../Frameworks";
				MACOSX_DEPLOYMENT_TARGET = 15.1;
				MARKETING_VERSION = 1.0;
				PRODUCT_BUNDLE_IDENTIFIER = "vk.it-s-US";
				PRODUCT_NAME = "$(TARGET_NAME)";
				SDKROOT = auto;
				SUPPORTED_PLATFORMS = "iphoneos iphonesimulator macosx xros xrsimulator";
				SWIFT_EMIT_LOC_STRINGS = YES;
				SWIFT_VERSION = 5.0;
				TARGETED_DEVICE_FAMILY = "1,2,7";
				XROS_DEPLOYMENT_TARGET = 2.2;
			};
			name = Debug;
		};
		D287D5282DC5166C009BBFCA /* Release */ = {
			isa = XCBuildConfiguration;
			buildSettings = {
				ASSETCATALOG_COMPILER_APPICON_NAME = AppIcon;
				ASSETCATALOG_COMPILER_GLOBAL_ACCENT_COLOR_NAME = AccentColor;
				CODE_SIGN_ENTITLEMENTS = "it's US/it_s_US.entitlements";
				"CODE_SIGN_IDENTITY[sdk=macosx*]" = "-";
				CODE_SIGN_STYLE = Automatic;
				CURRENT_PROJECT_VERSION = 1;
				DEVELOPMENT_ASSET_PATHS = "\"it's US/Preview Content\"";
				DEVELOPMENT_TEAM = 98SMXVMMG4;
				ENABLE_PREVIEWS = YES;
				GENERATE_INFOPLIST_FILE = YES;
				INFOPLIST_KEY_CFBundleDisplayName = "Миу миу";
				"INFOPLIST_KEY_UIApplicationSceneManifest_Generation[sdk=iphoneos*]" = YES;
				"INFOPLIST_KEY_UIApplicationSceneManifest_Generation[sdk=iphonesimulator*]" = YES;
				"INFOPLIST_KEY_UIApplicationSupportsIndirectInputEvents[sdk=iphoneos*]" = YES;
				"INFOPLIST_KEY_UIApplicationSupportsIndirectInputEvents[sdk=iphonesimulator*]" = YES;
				"INFOPLIST_KEY_UILaunchScreen_Generation[sdk=iphoneos*]" = YES;
				"INFOPLIST_KEY_UILaunchScreen_Generation[sdk=iphonesimulator*]" = YES;
				"INFOPLIST_KEY_UIStatusBarStyle[sdk=iphoneos*]" = UIStatusBarStyleDefault;
				"INFOPLIST_KEY_UIStatusBarStyle[sdk=iphonesimulator*]" = UIStatusBarStyleDefault;
				INFOPLIST_KEY_UISupportedInterfaceOrientations_iPad = "UIInterfaceOrientationPortrait UIInterfaceOrientationPortraitUpsideDown UIInterfaceOrientationLandscapeLeft UIInterfaceOrientationLandscapeRight";
				INFOPLIST_KEY_UISupportedInterfaceOrientations_iPhone = "UIInterfaceOrientationPortrait UIInterfaceOrientationLandscapeLeft UIInterfaceOrientationLandscapeRight";
				IPHONEOS_DEPLOYMENT_TARGET = 18.2;
				LD_RUNPATH_SEARCH_PATHS = "@executable_path/Frameworks";
				"LD_RUNPATH_SEARCH_PATHS[sdk=macosx*]" = "@executable_path/../Frameworks";
				MACOSX_DEPLOYMENT_TARGET = 15.1;
				MARKETING_VERSION = 1.0;
				PRODUCT_BUNDLE_IDENTIFIER = "vk.it-s-US";
				PRODUCT_NAME = "$(TARGET_NAME)";
				SDKROOT = auto;
				SUPPORTED_PLATFORMS = "iphoneos iphonesimulator macosx xros xrsimulator";
				SWIFT_EMIT_LOC_STRINGS = YES;
				SWIFT_VERSION = 5.0;
				TARGETED_DEVICE_FAMILY = "1,2,7";
				XROS_DEPLOYMENT_TARGET = 2.2;
			};
			name = Release;
		};
/* End XCBuildConfiguration section */

/* Begin XCConfigurationList section */
		D287D5122DC5166B009BBFCA /* Build configuration list for PBXProject "it's US" */ = {
			isa = XCConfigurationList;
			buildConfigurations = (
				D287D5242DC5166C009BBFCA /* Debug */,
				D287D5252DC5166C009BBFCA /* Release */,
			);
			defaultConfigurationIsVisible = 0;
			defaultConfigurationName = Release;
		};
		D287D5262DC5166C009BBFCA /* Build configuration list for PBXNativeTarget "it's US" */ = {
			isa = XCConfigurationList;
			buildConfigurations = (
				D287D5272DC5166C009BBFCA /* Debug */,
				D287D5282DC5166C009BBFCA /* Release */,
			);
			defaultConfigurationIsVisible = 0;
			defaultConfigurationName = Release;
		};
/* End XCConfigurationList section */

/* Begin XCRemoteSwiftPackageReference section */
		D287D5432DC53505009BBFCA /* XCRemoteSwiftPackageReference "firebase-ios-sdk" */ = {
			isa = XCRemoteSwiftPackageReference;
			repositoryURL = "https://github.com/firebase/firebase-ios-sdk";
			requirement = {
				kind = upToNextMajorVersion;
				minimumVersion = 11.12.0;
			};
		};
/* End XCRemoteSwiftPackageReference section */

/* Begin XCSwiftPackageProductDependency section */
		D287D5442DC53505009BBFCA /* FirebaseAuth */ = {
			isa = XCSwiftPackageProductDependency;
			package = D287D5432DC53505009BBFCA /* XCRemoteSwiftPackageReference "firebase-ios-sdk" */;
			productName = FirebaseAuth;
		};
		D287D5462DC53505009BBFCA /* FirebaseFirestore */ = {
			isa = XCSwiftPackageProductDependency;
			package = D287D5432DC53505009BBFCA /* XCRemoteSwiftPackageReference "firebase-ios-sdk" */;
			productName = FirebaseFirestore;
		};
		D287D5482DC53505009BBFCA /* FirebaseStorage */ = {
			isa = XCSwiftPackageProductDependency;
			package = D287D5432DC53505009BBFCA /* XCRemoteSwiftPackageReference "firebase-ios-sdk" */;
			productName = FirebaseStorage;
		};
		D287D54A2DC5375A009BBFCA /* FirebaseAnalytics */ = {
			isa = XCSwiftPackageProductDependency;
			package = D287D5432DC53505009BBFCA /* XCRemoteSwiftPackageReference "firebase-ios-sdk" */;
			productName = FirebaseAnalytics;
		};
		D287D54C2DC5375A009BBFCA /* FirebaseAnalyticsOnDeviceConversion */ = {
			isa = XCSwiftPackageProductDependency;
			package = D287D5432DC53505009BBFCA /* XCRemoteSwiftPackageReference "firebase-ios-sdk" */;
			productName = FirebaseAnalyticsOnDeviceConversion;
		};
		D287D54E2DC5375A009BBFCA /* FirebaseAnalyticsWithoutAdIdSupport */ = {
			isa = XCSwiftPackageProductDependency;
			package = D287D5432DC53505009BBFCA /* XCRemoteSwiftPackageReference "firebase-ios-sdk" */;
			productName = FirebaseAnalyticsWithoutAdIdSupport;
		};
		D287D5502DC5375A009BBFCA /* FirebaseAppCheck */ = {
			isa = XCSwiftPackageProductDependency;
			package = D287D5432DC53505009BBFCA /* XCRemoteSwiftPackageReference "firebase-ios-sdk" */;
			productName = FirebaseAppCheck;
		};
		D287D5522DC5375A009BBFCA /* FirebaseAppDistribution-Beta */ = {
			isa = XCSwiftPackageProductDependency;
			package = D287D5432DC53505009BBFCA /* XCRemoteSwiftPackageReference "firebase-ios-sdk" */;
			productName = "FirebaseAppDistribution-Beta";
		};
		D287D5542DC5375A009BBFCA /* FirebaseAuthCombine-Community */ = {
			isa = XCSwiftPackageProductDependency;
			package = D287D5432DC53505009BBFCA /* XCRemoteSwiftPackageReference "firebase-ios-sdk" */;
			productName = "FirebaseAuthCombine-Community";
		};
		D287D5562DC5375A009BBFCA /* FirebaseCore */ = {
			isa = XCSwiftPackageProductDependency;
			package = D287D5432DC53505009BBFCA /* XCRemoteSwiftPackageReference "firebase-ios-sdk" */;
			productName = FirebaseCore;
		};
		D287D5582DC5375A009BBFCA /* FirebaseCrashlytics */ = {
			isa = XCSwiftPackageProductDependency;
			package = D287D5432DC53505009BBFCA /* XCRemoteSwiftPackageReference "firebase-ios-sdk" */;
			productName = FirebaseCrashlytics;
		};
		D287D55A2DC5375A009BBFCA /* FirebaseDatabase */ = {
			isa = XCSwiftPackageProductDependency;
			package = D287D5432DC53505009BBFCA /* XCRemoteSwiftPackageReference "firebase-ios-sdk" */;
			productName = FirebaseDatabase;
		};
		D287D55C2DC5375A009BBFCA /* FirebaseDynamicLinks */ = {
			isa = XCSwiftPackageProductDependency;
			package = D287D5432DC53505009BBFCA /* XCRemoteSwiftPackageReference "firebase-ios-sdk" */;
			productName = FirebaseDynamicLinks;
		};
		D287D55E2DC5375A009BBFCA /* FirebaseFirestoreCombine-Community */ = {
			isa = XCSwiftPackageProductDependency;
			package = D287D5432DC53505009BBFCA /* XCRemoteSwiftPackageReference "firebase-ios-sdk" */;
			productName = "FirebaseFirestoreCombine-Community";
		};
		D287D5602DC5375A009BBFCA /* FirebaseFunctions */ = {
			isa = XCSwiftPackageProductDependency;
			package = D287D5432DC53505009BBFCA /* XCRemoteSwiftPackageReference "firebase-ios-sdk" */;
			productName = FirebaseFunctions;
		};
		D287D5622DC5375A009BBFCA /* FirebaseFunctionsCombine-Community */ = {
			isa = XCSwiftPackageProductDependency;
			package = D287D5432DC53505009BBFCA /* XCRemoteSwiftPackageReference "firebase-ios-sdk" */;
			productName = "FirebaseFunctionsCombine-Community";
		};
		D287D5642DC5375A009BBFCA /* FirebaseInAppMessaging-Beta */ = {
			isa = XCSwiftPackageProductDependency;
			package = D287D5432DC53505009BBFCA /* XCRemoteSwiftPackageReference "firebase-ios-sdk" */;
			productName = "FirebaseInAppMessaging-Beta";
		};
		D287D5662DC5375A009BBFCA /* FirebaseInstallations */ = {
			isa = XCSwiftPackageProductDependency;
			package = D287D5432DC53505009BBFCA /* XCRemoteSwiftPackageReference "firebase-ios-sdk" */;
			productName = FirebaseInstallations;
		};
		D287D5682DC5375A009BBFCA /* FirebaseMLModelDownloader */ = {
			isa = XCSwiftPackageProductDependency;
			package = D287D5432DC53505009BBFCA /* XCRemoteSwiftPackageReference "firebase-ios-sdk" */;
			productName = FirebaseMLModelDownloader;
		};
		D287D56A2DC5375A009BBFCA /* FirebaseMessaging */ = {
			isa = XCSwiftPackageProductDependency;
			package = D287D5432DC53505009BBFCA /* XCRemoteSwiftPackageReference "firebase-ios-sdk" */;
			productName = FirebaseMessaging;
		};
		D287D56C2DC5375A009BBFCA /* FirebasePerformance */ = {
			isa = XCSwiftPackageProductDependency;
			package = D287D5432DC53505009BBFCA /* XCRemoteSwiftPackageReference "firebase-ios-sdk" */;
			productName = FirebasePerformance;
		};
		D287D56E2DC5375A009BBFCA /* FirebaseRemoteConfig */ = {
			isa = XCSwiftPackageProductDependency;
			package = D287D5432DC53505009BBFCA /* XCRemoteSwiftPackageReference "firebase-ios-sdk" */;
			productName = FirebaseRemoteConfig;
		};
		D287D5702DC5375A009BBFCA /* FirebaseStorageCombine-Community */ = {
			isa = XCSwiftPackageProductDependency;
			package = D287D5432DC53505009BBFCA /* XCRemoteSwiftPackageReference "firebase-ios-sdk" */;
			productName = "FirebaseStorageCombine-Community";
		};
		D287D5722DC5375A009BBFCA /* FirebaseVertexAI */ = {
			isa = XCSwiftPackageProductDependency;
			package = D287D5432DC53505009BBFCA /* XCRemoteSwiftPackageReference "firebase-ios-sdk" */;
			productName = FirebaseVertexAI;
		};
/* End XCSwiftPackageProductDependency section */
	};
	rootObject = D287D50F2DC5166B009BBFCA /* Project object */;
}
